
Microsoft Visual Studio Solution File, Format Version 12.00
# Visual Studio Version 17
VisualStudioVersion = 17.3.32825.248
MinimumVisualStudioVersion = 10.0.40219.1
Project("{FAE04EC0-301F-11D3-BF4B-00C04F79EFBC}") = "bmailaExamen.Android", "bmailaExamen.Android\bmailaExamen.Android.csproj", "{0C89233A-74D2-4418-A03C-E43344480632}"
EndProject
Project("{FAE04EC0-301F-11D3-BF4B-00C04F79EFBC}") = "bmailaExamen.iOS", "bmailaExamen.iOS\bmailaExamen.iOS.csproj", "{8A70F150-B5D8-487C-BA7C-0BD7A56DBA4D}"
EndProject
Project("{FAE04EC0-301F-11D3-BF4B-00C04F79EFBC}") = "bmailaExamen", "bmailaExamen\bmailaExamen.csproj", "{22A1A137-B5BB-4CDC-B718-96A21499E5B5}"
EndProject
Global
	GlobalSection(SolutionConfigurationPlatforms) = preSolution
		Debug|Any CPU = Debug|Any CPU
		Debug|iPhone = Debug|iPhone
		Debug|iPhoneSimulator = Debug|iPhoneSimulator
		Release|Any CPU = Release|Any CPU
		Release|iPhone = Release|iPhone
		Release|iPhoneSimulator = Release|iPhoneSimulator
	EndGlobalSection
	GlobalSection(ProjectConfigurationPlatforms) = postSolution
		{0C89233A-74D2-4418-A03C-E43344480632}.Debug|Any CPU.ActiveCfg = Debug|Any CPU
		{0C89233A-74D2-4418-A03C-E43344480632}.Debug|Any CPU.Build.0 = Debug|Any CPU
		{0C89233A-74D2-4418-A03C-E43344480632}.Debug|Any CPU.Deploy.0 = Debug|Any CPU
		{0C89233A-74D2-4418-A03C-E43344480632}.Debug|iPhone.ActiveCfg = Debug|Any CPU
		{0C89233A-74D2-4418-A03C-E43344480632}.Debug|iPhone.Build.0 = Debug|Any CPU
		{0C89233A-74D2-4418-A03C-E43344480632}.Debug|iPhone.Deploy.0 = Debug|Any CPU
		{0C89233A-74D2-4418-A03C-E43344480632}.Debug|iPhoneSimulator.ActiveCfg = Debug|Any CPU
		{0C89233A-74D2-4418-A03C-E43344480632}.Debug|iPhoneSimulator.Build.0 = Debug|Any CPU
		{0C89233A-74D2-4418-A03C-E43344480632}.Debug|iPhoneSimulator.Deploy.0 = Debug|Any CPU
		{0C89233A-74D2-4418-A03C-E43344480632}.Release|Any CPU.ActiveCfg = Release|Any CPU
		{0C89233A-74D2-4418-A03C-E43344480632}.Release|Any CPU.Build.0 = Release|Any CPU
		{0C89233A-74D2-4418-A03C-E43344480632}.Release|Any CPU.Deploy.0 = Release|Any CPU
		{0C89233A-74D2-4418-A03C-E43344480632}.Release|iPhone.ActiveCfg = Release|Any CPU
		{0C89233A-74D2-4418-A03C-E43344480632}.Release|iPhone.Build.0 = Release|Any CPU
		{0C89233A-74D2-4418-A03C-E43344480632}.Release|iPhone.Deploy.0 = Release|Any CPU
		{0C89233A-74D2-4418-A03C-E43344480632}.Release|iPhoneSimulator.ActiveCfg = Release|Any CPU
		{0C89233A-74D2-4418-A03C-E43344480632}.Release|iPhoneSimulator.Build.0 = Release|Any CPU
		{0C89233A-74D2-4418-A03C-E43344480632}.Release|iPhoneSimulator.Deploy.0 = Release|Any CPU
		{8A70F150-B5D8-487C-BA7C-0BD7A56DBA4D}.Debug|Any CPU.ActiveCfg = Debug|iPhone
		{8A70F150-B5D8-487C-BA7C-0BD7A56DBA4D}.Debug|Any CPU.Build.0 = Debug|iPhone
		{8A70F150-B5D8-487C-BA7C-0BD7A56DBA4D}.Debug|Any CPU.Deploy.0 = Debug|iPhone
		{8A70F150-B5D8-487C-BA7C-0BD7A56DBA4D}.Debug|iPhone.ActiveCfg = Debug|iPhone
		{8A70F150-B5D8-487C-BA7C-0BD7A56DBA4D}.Debug|iPhone.Build.0 = Debug|iPhone
		{8A70F150-B5D8-487C-BA7C-0BD7A56DBA4D}.Debug|iPhone.Deploy.0 = Debug|iPhone
		{8A70F150-B5D8-487C-BA7C-0BD7A56DBA4D}.Debug|iPhoneSimulator.ActiveCfg = Debug|iPhoneSimulator
		{8A70F150-B5D8-487C-BA7C-0BD7A56DBA4D}.Debug|iPhoneSimulator.Build.0 = Debug|iPhoneSimulator
		{8A70F150-B5D8-487C-BA7C-0BD7A56DBA4D}.Debug|iPhoneSimulator.Deploy.0 = Debug|iPhoneSimulator
		{8A70F150-B5D8-487C-BA7C-0BD7A56DBA4D}.Release|Any CPU.ActiveCfg = Release|iPhoneSimulator
		{8A70F150-B5D8-487C-BA7C-0BD7A56DBA4D}.Release|Any CPU.Build.0 = Release|iPhoneSimulator
		{8A70F150-B5D8-487C-BA7C-0BD7A56DBA4D}.Release|Any CPU.Deploy.0 = Release|iPhoneSimulator
		{8A70F150-B5D8-487C-BA7C-0BD7A56DBA4D}.Release|iPhone.ActiveCfg = Release|iPhone
		{8A70F150-B5D8-487C-BA7C-0BD7A56DBA4D}.Release|iPhone.Build.0 = Release|iPhone
		{8A70F150-B5D8-487C-BA7C-0BD7A56DBA4D}.Release|iPhone.Deploy.0 = Release|iPhone
		{8A70F150-B5D8-487C-BA7C-0BD7A56DBA4D}.Release|iPhoneSimulator.ActiveCfg = Release|iPhoneSimulator
		{8A70F150-B5D8-487C-BA7C-0BD7A56DBA4D}.Release|iPhoneSimulator.Build.0 = Release|iPhoneSimulator
		{8A70F150-B5D8-487C-BA7C-0BD7A56DBA4D}.Release|iPhoneSimulator.Deploy.0 = Release|iPhoneSimulator
		{22A1A137-B5BB-4CDC-B718-96A21499E5B5}.Debug|Any CPU.ActiveCfg = Debug|Any CPU
		{22A1A137-B5BB-4CDC-B718-96A21499E5B5}.Debug|Any CPU.Build.0 = Debug|Any CPU
		{22A1A137-B5BB-4CDC-B718-96A21499E5B5}.Debug|Any CPU.Deploy.0 = Debug|Any CPU
		{22A1A137-B5BB-4CDC-B718-96A21499E5B5}.Debug|iPhone.ActiveCfg = Debug|Any CPU
		{22A1A137-B5BB-4CDC-B718-96A21499E5B5}.Debug|iPhone.Build.0 = Debug|Any CPU
		{22A1A137-B5BB-4CDC-B718-96A21499E5B5}.Debug|iPhone.Deploy.0 = Debug|Any CPU
		{22A1A137-B5BB-4CDC-B718-96A21499E5B5}.Debug|iPhoneSimulator.ActiveCfg = Debug|Any CPU
		{22A1A137-B5BB-4CDC-B718-96A21499E5B5}.Debug|iPhoneSimulator.Build.0 = Debug|Any CPU
		{22A1A137-B5BB-4CDC-B718-96A21499E5B5}.Debug|iPhoneSimulator.Deploy.0 = Debug|Any CPU
		{22A1A137-B5BB-4CDC-B718-96A21499E5B5}.Release|Any CPU.ActiveCfg = Release|Any CPU
		{22A1A137-B5BB-4CDC-B718-96A21499E5B5}.Release|Any CPU.Build.0 = Release|Any CPU
		{22A1A137-B5BB-4CDC-B718-96A21499E5B5}.Release|Any CPU.Deploy.0 = Release|Any CPU
		{22A1A137-B5BB-4CDC-B718-96A21499E5B5}.Release|iPhone.ActiveCfg = Release|Any CPU
		{22A1A137-B5BB-4CDC-B718-96A21499E5B5}.Release|iPhone.Build.0 = Release|Any CPU
		{22A1A137-B5BB-4CDC-B718-96A21499E5B5}.Release|iPhone.Deploy.0 = Release|Any CPU
		{22A1A137-B5BB-4CDC-B718-96A21499E5B5}.Release|iPhoneSimulator.ActiveCfg = Release|Any CPU
		{22A1A137-B5BB-4CDC-B718-96A21499E5B5}.Release|iPhoneSimulator.Build.0 = Release|Any CPU
		{22A1A137-B5BB-4CDC-B718-96A21499E5B5}.Release|iPhoneSimulator.Deploy.0 = Release|Any CPU
	EndGlobalSection
	GlobalSection(SolutionProperties) = preSolution
		HideSolutionNode = FALSE
	EndGlobalSection
	GlobalSection(ExtensibilityGlobals) = postSolution
		SolutionGuid = {5AF6CE08-1421-4474-90F0-850335822763}
	EndGlobalSection
EndGlobal
